
Microsoft Visual Studio Solution File, Format Version 12.00
# Visual Studio Version 16
VisualStudioVersion = 16.0.31702.278
MinimumVisualStudioVersion = 10.0.40219.1
Project("{2150E333-8FDC-42A3-9474-1A3956D46DE8}") = "Application", "Application", "{8F718041-336C-4CE7-9292-9A7545D8E589}"
EndProject
Project("{2150E333-8FDC-42A3-9474-1A3956D46DE8}") = "Domain", "Domain", "{56BED73F-B705-4A80-89D8-FCE076087644}"
EndProject
Project("{2150E333-8FDC-42A3-9474-1A3956D46DE8}") = "Infra.IoC", "Infra.IoC", "{8C7F0FA5-542C-4491-9EFB-65FC4267DF61}"
EndProject
Project("{2150E333-8FDC-42A3-9474-1A3956D46DE8}") = "Infra.Data", "Infra.Data", "{9D3FFA84-7A2F-4088-BF55-78CD6D04FC99}"
EndProject
Project("{2150E333-8FDC-42A3-9474-1A3956D46DE8}") = "Presentation", "Presentation", "{3FE9CCA7-0F42-4EF0-9EB9-5CF722A66E6C}"
EndProject
Project("{9A19103F-16F7-4668-BE54-9A1E7A4F7556}") = "CleanArch.Mvc", "CleanArch.Mvc\CleanArch.Mvc.csproj", "{B97CA32C-5E33-4365-9F06-3969B441F829}"
EndProject
Project("{9A19103F-16F7-4668-BE54-9A1E7A4F7556}") = "CleanArch.Domain", "CleanArch.Domain\CleanArch.Domain.csproj", "{16790328-817E-4580-A28B-DCE275074A9E}"
EndProject
Project("{9A19103F-16F7-4668-BE54-9A1E7A4F7556}") = "CleanArch.Infra.Data", "CleanArch.Infra.Data\CleanArch.Infra.Data.csproj", "{9C80283C-2AD3-427D-8DB5-B00918EB9F39}"
EndProject
Project("{FAE04EC0-301F-11D3-BF4B-00C04F79EFBC}") = "CleanArch.Application", "CleanArch.Application\CleanArch.Application.csproj", "{0B5FE7EB-6476-4B21-9F2B-871B5F57B13B}"
EndProject
Global
	GlobalSection(SolutionConfigurationPlatforms) = preSolution
		Debug|Any CPU = Debug|Any CPU
		Release|Any CPU = Release|Any CPU
	EndGlobalSection
	GlobalSection(ProjectConfigurationPlatforms) = postSolution
		{B97CA32C-5E33-4365-9F06-3969B441F829}.Debug|Any CPU.ActiveCfg = Debug|Any CPU
		{B97CA32C-5E33-4365-9F06-3969B441F829}.Debug|Any CPU.Build.0 = Debug|Any CPU
		{B97CA32C-5E33-4365-9F06-3969B441F829}.Release|Any CPU.ActiveCfg = Release|Any CPU
		{B97CA32C-5E33-4365-9F06-3969B441F829}.Release|Any CPU.Build.0 = Release|Any CPU
		{16790328-817E-4580-A28B-DCE275074A9E}.Debug|Any CPU.ActiveCfg = Debug|Any CPU
		{16790328-817E-4580-A28B-DCE275074A9E}.Debug|Any CPU.Build.0 = Debug|Any CPU
		{16790328-817E-4580-A28B-DCE275074A9E}.Release|Any CPU.ActiveCfg = Release|Any CPU
		{16790328-817E-4580-A28B-DCE275074A9E}.Release|Any CPU.Build.0 = Release|Any CPU
		{9C80283C-2AD3-427D-8DB5-B00918EB9F39}.Debug|Any CPU.ActiveCfg = Debug|Any CPU
		{9C80283C-2AD3-427D-8DB5-B00918EB9F39}.Debug|Any CPU.Build.0 = Debug|Any CPU
		{9C80283C-2AD3-427D-8DB5-B00918EB9F39}.Release|Any CPU.ActiveCfg = Release|Any CPU
		{9C80283C-2AD3-427D-8DB5-B00918EB9F39}.Release|Any CPU.Build.0 = Release|Any CPU
		{0B5FE7EB-6476-4B21-9F2B-871B5F57B13B}.Debug|Any CPU.ActiveCfg = Debug|Any CPU
		{0B5FE7EB-6476-4B21-9F2B-871B5F57B13B}.Debug|Any CPU.Build.0 = Debug|Any CPU
		{0B5FE7EB-6476-4B21-9F2B-871B5F57B13B}.Release|Any CPU.ActiveCfg = Release|Any CPU
		{0B5FE7EB-6476-4B21-9F2B-871B5F57B13B}.Release|Any CPU.Build.0 = Release|Any CPU
	EndGlobalSection
	GlobalSection(SolutionProperties) = preSolution
		HideSolutionNode = FALSE
	EndGlobalSection
	GlobalSection(NestedProjects) = preSolution
		{B97CA32C-5E33-4365-9F06-3969B441F829} = {3FE9CCA7-0F42-4EF0-9EB9-5CF722A66E6C}
		{16790328-817E-4580-A28B-DCE275074A9E} = {56BED73F-B705-4A80-89D8-FCE076087644}
		{9C80283C-2AD3-427D-8DB5-B00918EB9F39} = {9D3FFA84-7A2F-4088-BF55-78CD6D04FC99}
		{0B5FE7EB-6476-4B21-9F2B-871B5F57B13B} = {8F718041-336C-4CE7-9292-9A7545D8E589}
	EndGlobalSection
	GlobalSection(ExtensibilityGlobals) = postSolution
		SolutionGuid = {5CFD52FD-33F4-44B7-BE38-274AAD6CA5F8}
	EndGlobalSection
EndGlobal
